
Microsoft Visual Studio Solution File, Format Version 12.00
# Visual Studio Version 17
VisualStudioVersion = 17.10.35122.118
MinimumVisualStudioVersion = 10.0.40219.1
Project("{FAE04EC0-301F-11D3-BF4B-00C04F79EFBC}") = "PizzaRestaurant", "PizzaRestaurant\PizzaRestaurant.csproj", "{CCADFB05-B1C7-4032-9A31-BC1E7201B6D8}"
EndProject
Project("{FAE04EC0-301F-11D3-BF4B-00C04F79EFBC}") = "Dblayer", "Dblayer\Dblayer.csproj", "{17A88A6C-225C-444F-AC7D-27D8FF23EB8E}"
EndProject
Global
	GlobalSection(SolutionConfigurationPlatforms) = preSolution
		Debug|Any CPU = Debug|Any CPU
		Release|Any CPU = Release|Any CPU
	EndGlobalSection
	GlobalSection(ProjectConfigurationPlatforms) = postSolution
		{CCADFB05-B1C7-4032-9A31-BC1E7201B6D8}.Debug|Any CPU.ActiveCfg = Debug|Any CPU
		{CCADFB05-B1C7-4032-9A31-BC1E7201B6D8}.Debug|Any CPU.Build.0 = Debug|Any CPU
		{CCADFB05-B1C7-4032-9A31-BC1E7201B6D8}.Release|Any CPU.ActiveCfg = Release|Any CPU
		{CCADFB05-B1C7-4032-9A31-BC1E7201B6D8}.Release|Any CPU.Build.0 = Release|Any CPU
		{17A88A6C-225C-444F-AC7D-27D8FF23EB8E}.Debug|Any CPU.ActiveCfg = Debug|Any CPU
		{17A88A6C-225C-444F-AC7D-27D8FF23EB8E}.Debug|Any CPU.Build.0 = Debug|Any CPU
		{17A88A6C-225C-444F-AC7D-27D8FF23EB8E}.Release|Any CPU.ActiveCfg = Release|Any CPU
		{17A88A6C-225C-444F-AC7D-27D8FF23EB8E}.Release|Any CPU.Build.0 = Release|Any CPU
	EndGlobalSection
	GlobalSection(SolutionProperties) = preSolution
		HideSolutionNode = FALSE
	EndGlobalSection
	GlobalSection(ExtensibilityGlobals) = postSolution
		SolutionGuid = {344A2A01-2EAF-4D0C-8692-96219879A5B2}
	EndGlobalSection
EndGlobal
